
Microsoft Visual Studio Solution File, Format Version 12.00
# Visual Studio Version 16
VisualStudioVersion = 16.0.31624.102
MinimumVisualStudioVersion = 10.0.40219.1
Project("{FAE04EC0-301F-11D3-BF4B-00C04F79EFBC}") = "netCoreApi", "netCoreApi.csproj", "{FDDA3C2E-950B-4001-92A5-47636B0E2E4D}"
EndProject
Global
	GlobalSection(SolutionConfigurationPlatforms) = preSolution
		Debug|Any CPU = Debug|Any CPU
		Release|Any CPU = Release|Any CPU
	EndGlobalSection
	GlobalSection(ProjectConfigurationPlatforms) = postSolution
		{FDDA3C2E-950B-4001-92A5-47636B0E2E4D}.Debug|Any CPU.ActiveCfg = Debug|Any CPU
		{FDDA3C2E-950B-4001-92A5-47636B0E2E4D}.Debug|Any CPU.Build.0 = Debug|Any CPU
		{FDDA3C2E-950B-4001-92A5-47636B0E2E4D}.Release|Any CPU.ActiveCfg = Release|Any CPU
		{FDDA3C2E-950B-4001-92A5-47636B0E2E4D}.Release|Any CPU.Build.0 = Release|Any CPU
	EndGlobalSection
	GlobalSection(SolutionProperties) = preSolution
		HideSolutionNode = FALSE
	EndGlobalSection
	GlobalSection(ExtensibilityGlobals) = postSolution
		SolutionGuid = {0CC94B89-8806-4252-B7A0-ECDE550DBBFF}
	EndGlobalSection
EndGlobal
